// !$*UTF8*$!
{
	archiveVersion = 1;
	classes = {
	};
	objectVersion = 50;
	objects = {

/* Begin PBXBuildFile section */
		1D72A8D221DA23AF7557FFFA /* Pods_Todoey.framework in Frameworks */ = {isa = PBXBuildFile; fileRef = 27333F7A2349DFAA6A9E6C25 /* Pods_Todoey.framework */; };
		1E307B3D233794700001AA3B /* DataModel.xcdatamodeld in Sources */ = {isa = PBXBuildFile; fileRef = 1E307B3B233794700001AA3B /* DataModel.xcdatamodeld */; };
		1E682110233F92DF00620683 /* CategoryViewController.swift in Sources */ = {isa = PBXBuildFile; fileRef = 1E68210F233F92DF00620683 /* CategoryViewController.swift */; };
		1EA39AA7232CBBF600E85141 /* AppDelegate.swift in Sources */ = {isa = PBXBuildFile; fileRef = 1EA39AA6232CBBF600E85141 /* AppDelegate.swift */; };
		1EA39AA9232CBBF600E85141 /* ToDoListViewController.swift in Sources */ = {isa = PBXBuildFile; fileRef = 1EA39AA8232CBBF600E85141 /* ToDoListViewController.swift */; };
		1EA39AAC232CBBF700E85141 /* Main.storyboard in Resources */ = {isa = PBXBuildFile; fileRef = 1EA39AAA232CBBF700E85141 /* Main.storyboard */; };
		1EA39AAE232CBBF900E85141 /* Assets.xcassets in Resources */ = {isa = PBXBuildFile; fileRef = 1EA39AAD232CBBF900E85141 /* Assets.xcassets */; };
		1EA39AB1232CBBF900E85141 /* LaunchScreen.storyboard in Resources */ = {isa = PBXBuildFile; fileRef = 1EA39AAF232CBBF900E85141 /* LaunchScreen.storyboard */; };
/* End PBXBuildFile section */

/* Begin PBXFileReference section */
		1E307B3C233794700001AA3B /* DataModel.xcdatamodel */ = {isa = PBXFileReference; lastKnownFileType = wrapper.xcdatamodel; path = DataModel.xcdatamodel; sourceTree = "<group>"; };
		1E68210F233F92DF00620683 /* CategoryViewController.swift */ = {isa = PBXFileReference; lastKnownFileType = sourcecode.swift; path = CategoryViewController.swift; sourceTree = "<group>"; };
		1EA39AA3232CBBF600E85141 /* Todoey.app */ = {isa = PBXFileReference; explicitFileType = wrapper.application; includeInIndex = 0; path = Todoey.app; sourceTree = BUILT_PRODUCTS_DIR; };
		1EA39AA6232CBBF600E85141 /* AppDelegate.swift */ = {isa = PBXFileReference; lastKnownFileType = sourcecode.swift; path = AppDelegate.swift; sourceTree = "<group>"; };
		1EA39AA8232CBBF600E85141 /* ToDoListViewController.swift */ = {isa = PBXFileReference; lastKnownFileType = sourcecode.swift; path = ToDoListViewController.swift; sourceTree = "<group>"; };
		1EA39AAB232CBBF700E85141 /* Base */ = {isa = PBXFileReference; lastKnownFileType = file.storyboard; name = Base; path = Base.lproj/Main.storyboard; sourceTree = "<group>"; };
		1EA39AAD232CBBF900E85141 /* Assets.xcassets */ = {isa = PBXFileReference; lastKnownFileType = folder.assetcatalog; path = Assets.xcassets; sourceTree = "<group>"; };
		1EA39AB0232CBBF900E85141 /* Base */ = {isa = PBXFileReference; lastKnownFileType = file.storyboard; name = Base; path = Base.lproj/LaunchScreen.storyboard; sourceTree = "<group>"; };
		1EA39AB2232CBBF900E85141 /* Info.plist */ = {isa = PBXFileReference; lastKnownFileType = text.plist.xml; path = Info.plist; sourceTree = "<group>"; };
		27333F7A2349DFAA6A9E6C25 /* Pods_Todoey.framework */ = {isa = PBXFileReference; explicitFileType = wrapper.framework; includeInIndex = 0; path = Pods_Todoey.framework; sourceTree = BUILT_PRODUCTS_DIR; };
		9FD3D0D3FE50F765329F3B2B /* Pods-Todoey.release.xcconfig */ = {isa = PBXFileReference; includeInIndex = 1; lastKnownFileType = text.xcconfig; name = "Pods-Todoey.release.xcconfig"; path = "Target Support Files/Pods-Todoey/Pods-Todoey.release.xcconfig"; sourceTree = "<group>"; };
		E43771C3BE9BEA81CC2110AC /* Pods-Todoey.debug.xcconfig */ = {isa = PBXFileReference; includeInIndex = 1; lastKnownFileType = text.xcconfig; name = "Pods-Todoey.debug.xcconfig"; path = "Target Support Files/Pods-Todoey/Pods-Todoey.debug.xcconfig"; sourceTree = "<group>"; };
/* End PBXFileReference section */

/* Begin PBXFrameworksBuildPhase section */
		1EA39AA0232CBBF600E85141 /* Frameworks */ = {
			isa = PBXFrameworksBuildPhase;
			buildActionMask = 2147483647;
			files = (
				1D72A8D221DA23AF7557FFFA /* Pods_Todoey.framework in Frameworks */,
			);
			runOnlyForDeploymentPostprocessing = 0;
		};
/* End PBXFrameworksBuildPhase section */

/* Begin PBXGroup section */
		1E9DE325232FBDA3004B9579 /* Supporting files */ = {
			isa = PBXGroup;
			children = (
				1EA39AAD232CBBF900E85141 /* Assets.xcassets */,
				1EA39AAF232CBBF900E85141 /* LaunchScreen.storyboard */,
			);
			path = "Supporting files";
			sourceTree = "<group>";
		};
		1E9DE326232FBDBF004B9579 /* Views */ = {
			isa = PBXGroup;
			children = (
				1EA39AAA232CBBF700E85141 /* Main.storyboard */,
			);
			path = Views;
			sourceTree = "<group>";
		};
		1E9DE327232FBDD3004B9579 /* Controller */ = {
			isa = PBXGroup;
			children = (
				1E68210F233F92DF00620683 /* CategoryViewController.swift */,
				1EA39AA8232CBBF600E85141 /* ToDoListViewController.swift */,
			);
			path = Controller;
			sourceTree = "<group>";
		};
		1E9DE328232FBE39004B9579 /* Data model */ = {
			isa = PBXGroup;
			children = (
				1E307B3B233794700001AA3B /* DataModel.xcdatamodeld */,
			);
			path = "Data model";
			sourceTree = "<group>";
		};
		1EA39A9A232CBBF600E85141 = {
			isa = PBXGroup;
			children = (
				1EA39AA5232CBBF600E85141 /* Todoey */,
				1EA39AA4232CBBF600E85141 /* Products */,
				A9CC5B3EEC25AB1E1CBBB37B /* Pods */,
				ED4996049E59D7AA8F9D0963 /* Frameworks */,
			);
			sourceTree = "<group>";
		};
		1EA39AA4232CBBF600E85141 /* Products */ = {
			isa = PBXGroup;
			children = (
				1EA39AA3232CBBF600E85141 /* Todoey.app */,
			);
			name = Products;
			sourceTree = "<group>";
		};
		1EA39AA5232CBBF600E85141 /* Todoey */ = {
			isa = PBXGroup;
			children = (
				1EA39AA6232CBBF600E85141 /* AppDelegate.swift */,
				1E9DE327232FBDD3004B9579 /* Controller */,
				1E9DE328232FBE39004B9579 /* Data model */,
				1E9DE326232FBDBF004B9579 /* Views */,
				1E9DE325232FBDA3004B9579 /* Supporting files */,
				1EA39AB2232CBBF900E85141 /* Info.plist */,
			);
			path = Todoey;
			sourceTree = "<group>";
		};
		A9CC5B3EEC25AB1E1CBBB37B /* Pods */ = {
			isa = PBXGroup;
			children = (
				E43771C3BE9BEA81CC2110AC /* Pods-Todoey.debug.xcconfig */,
				9FD3D0D3FE50F765329F3B2B /* Pods-Todoey.release.xcconfig */,
			);
			name = Pods;
			path = Pods;
			sourceTree = "<group>";
		};
		ED4996049E59D7AA8F9D0963 /* Frameworks */ = {
			isa = PBXGroup;
			children = (
				27333F7A2349DFAA6A9E6C25 /* Pods_Todoey.framework */,
			);
			name = Frameworks;
			sourceTree = "<group>";
		};
/* End PBXGroup section */

/* Begin PBXNativeTarget section */
		1EA39AA2232CBBF600E85141 /* Todoey */ = {
			isa = PBXNativeTarget;
			buildConfigurationList = 1EA39AB5232CBBF900E85141 /* Build configuration list for PBXNativeTarget "Todoey" */;
			buildPhases = (
				78AA28B91E96A7CC8DD5B255 /* [CP] Check Pods Manifest.lock */,
				1EA39A9F232CBBF600E85141 /* Sources */,
				1EA39AA0232CBBF600E85141 /* Frameworks */,
				1EA39AA1232CBBF600E85141 /* Resources */,
				2AF367D373F234178F04B466 /* [CP] Embed Pods Frameworks */,
			);
			buildRules = (
			);
			dependencies = (
			);
			name = Todoey;
			productName = Todoey;
			productReference = 1EA39AA3232CBBF600E85141 /* Todoey.app */;
			productType = "com.apple.product-type.application";
		};
/* End PBXNativeTarget section */

/* Begin PBXProject section */
		1EA39A9B232CBBF600E85141 /* Project object */ = {
			isa = PBXProject;
			attributes = {
				LastSwiftUpdateCheck = 1030;
				LastUpgradeCheck = 1030;
				ORGANIZATIONNAME = Jason.Chin;
				TargetAttributes = {
					1EA39AA2232CBBF600E85141 = {
						CreatedOnToolsVersion = 10.3;
					};
				};
			};
			buildConfigurationList = 1EA39A9E232CBBF600E85141 /* Build configuration list for PBXProject "Todoey" */;
			compatibilityVersion = "Xcode 9.3";
			developmentRegion = en;
			hasScannedForEncodings = 0;
			knownRegions = (
				en,
				Base,
			);
			mainGroup = 1EA39A9A232CBBF600E85141;
			productRefGroup = 1EA39AA4232CBBF600E85141 /* Products */;
			projectDirPath = "";
			projectRoot = "";
			targets = (
				1EA39AA2232CBBF600E85141 /* Todoey */,
			);
		};
/* End PBXProject section */

/* Begin PBXResourcesBuildPhase section */
		1EA39AA1232CBBF600E85141 /* Resources */ = {
			isa = PBXResourcesBuildPhase;
			buildActionMask = 2147483647;
			files = (
				1EA39AB1232CBBF900E85141 /* LaunchScreen.storyboard in Resources */,
				1EA39AAE232CBBF900E85141 /* Assets.xcassets in Resources */,
				1EA39AAC232CBBF700E85141 /* Main.storyboard in Resources */,
			);
			runOnlyForDeploymentPostprocessing = 0;
		};
/* End PBXResourcesBuildPhase section */

/* Begin PBXShellScriptBuildPhase section */
		2AF367D373F234178F04B466 /* [CP] Embed Pods Frameworks */ = {
			isa = PBXShellScriptBuildPhase;
			buildActionMask = 2147483647;
			files = (
			);
			inputFileListPaths = (
			);
			inputPaths = (
				"${PODS_ROOT}/Target Support Files/Pods-Todoey/Pods-Todoey-frameworks.sh",
				"${BUILT_PRODUCTS_DIR}/Realm/Realm.framework",
				"${BUILT_PRODUCTS_DIR}/RealmSwift/RealmSwift.framework",
			);
			name = "[CP] Embed Pods Frameworks";
			outputFileListPaths = (
			);
			outputPaths = (
				"${TARGET_BUILD_DIR}/${FRAMEWORKS_FOLDER_PATH}/Realm.framework",
				"${TARGET_BUILD_DIR}/${FRAMEWORKS_FOLDER_PATH}/RealmSwift.framework",
			);
			runOnlyForDeploymentPostprocessing = 0;
			shellPath = /bin/sh;
			shellScript = "\"${PODS_ROOT}/Target Support Files/Pods-Todoey/Pods-Todoey-frameworks.sh\"\n";
			showEnvVarsInLog = 0;
		};
		78AA28B91E96A7CC8DD5B255 /* [CP] Check Pods Manifest.lock */ = {
			isa = PBXShellScriptBuildPhase;
			buildActionMask = 2147483647;
			files = (
			);
			inputFileListPaths = (
			);
			inputPaths = (
				"${PODS_PODFILE_DIR_PATH}/Podfile.lock",
				"${PODS_ROOT}/Manifest.lock",
			);
			name = "[CP] Check Pods Manifest.lock";
			outputFileListPaths = (
			);
			outputPaths = (
				"$(DERIVED_FILE_DIR)/Pods-Todoey-checkManifestLockResult.txt",
			);
			runOnlyForDeploymentPostprocessing = 0;
			shellPath = /bin/sh;
			shellScript = "diff \"${PODS_PODFILE_DIR_PATH}/Podfile.lock\" \"${PODS_ROOT}/Manifest.lock\" > /dev/null\nif [ $? != 0 ] ; then\n    # print error to STDERR\n    echo \"error: The sandbox is not in sync with the Podfile.lock. Run 'pod install' or update your CocoaPods installation.\" >&2\n    exit 1\nfi\n# This output is used by Xcode 'outputs' to avoid re-running this script phase.\necho \"SUCCESS\" > \"${SCRIPT_OUTPUT_FILE_0}\"\n";
			showEnvVarsInLog = 0;
		};
/* End PBXShellScriptBuildPhase section */

/* Begin PBXSourcesBuildPhase section */
		1EA39A9F232CBBF600E85141 /* Sources */ = {
			isa = PBXSourcesBuildPhase;
			buildActionMask = 2147483647;
			files = (
				1EA39AA9232CBBF600E85141 /* ToDoListViewController.swift in Sources */,
				1E307B3D233794700001AA3B /* DataModel.xcdatamodeld in Sources */,
				1EA39AA7232CBBF600E85141 /* AppDelegate.swift in Sources */,
				1E682110233F92DF00620683 /* CategoryViewController.swift in Sources */,
			);
			runOnlyForDeploymentPostprocessing = 0;
		};
/* End PBXSourcesBuildPhase section */

/* Begin PBXVariantGroup section */
		1EA39AAA232CBBF700E85141 /* Main.storyboard */ = {
			isa = PBXVariantGroup;
			children = (
				1EA39AAB232CBBF700E85141 /* Base */,
			);
			name = Main.storyboard;
			sourceTree = "<group>";
		};
		1EA39AAF232CBBF900E85141 /* LaunchScreen.storyboard */ = {
			isa = PBXVariantGroup;
			children = (
				1EA39AB0232CBBF900E85141 /* Base */,
			);
			name = LaunchScreen.storyboard;
			sourceTree = "<group>";
		};
/* End PBXVariantGroup section */

/* Begin XCBuildConfiguration section */
		1EA39AB3232CBBF900E85141 /* Debug */ = {
			isa = XCBuildConfiguration;
			buildSettings = {
				ALWAYS_SEARCH_USER_PATHS = NO;
				CLANG_ANALYZER_NONNULL = YES;
				CLANG_ANALYZER_NUMBER_OBJECT_CONVERSION = YES_AGGRESSIVE;
				CLANG_CXX_LANGUAGE_STANDARD = "gnu++14";
				CLANG_CXX_LIBRARY = "libc++";
				CLANG_ENABLE_MODULES = YES;
				CLANG_ENABLE_OBJC_ARC = YES;
				CLANG_ENABLE_OBJC_WEAK = YES;
				CLANG_WARN_BLOCK_CAPTURE_AUTORELEASING = YES;
				CLANG_WARN_BOOL_CONVERSION = YES;
				CLANG_WARN_COMMA = YES;
				CLANG_WARN_CONSTANT_CONVERSION = YES;
				CLANG_WARN_DEPRECATED_OBJC_IMPLEMENTATIONS = YES;
				CLANG_WARN_DIRECT_OBJC_ISA_USAGE = YES_ERROR;
				CLANG_WARN_DOCUMENTATION_COMMENTS = YES;
				CLANG_WARN_EMPTY_BODY = YES;
				CLANG_WARN_ENUM_CONVERSION = YES;
				CLANG_WARN_INFINITE_RECURSION = YES;
				CLANG_WARN_INT_CONVERSION = YES;
				CLANG_WARN_NON_LITERAL_NULL_CONVERSION = YES;
				CLANG_WARN_OBJC_IMPLICIT_RETAIN_SELF = YES;
				CLANG_WARN_OBJC_LITERAL_CONVERSION = YES;
				CLANG_WARN_OBJC_ROOT_CLASS = YES_ERROR;
				CLANG_WARN_RANGE_LOOP_ANALYSIS = YES;
				CLANG_WARN_STRICT_PROTOTYPES = YES;
				CLANG_WARN_SUSPICIOUS_MOVE = YES;
				CLANG_WARN_UNGUARDED_AVAILABILITY = YES_AGGRESSIVE;
				CLANG_WARN_UNREACHABLE_CODE = YES;
				CLANG_WARN__DUPLICATE_METHOD_MATCH = YES;
				CODE_SIGN_IDENTITY = "iPhone Developer";
				COPY_PHASE_STRIP = NO;
				DEBUG_INFORMATION_FORMAT = dwarf;
				ENABLE_STRICT_OBJC_MSGSEND = YES;
				ENABLE_TESTABILITY = YES;
				GCC_C_LANGUAGE_STANDARD = gnu11;
				GCC_DYNAMIC_NO_PIC = NO;
				GCC_NO_COMMON_BLOCKS = YES;
				GCC_OPTIMIZATION_LEVEL = 0;
				GCC_PREPROCESSOR_DEFINITIONS = (
					"DEBUG=1",
					"$(inherited)",
				);
				GCC_WARN_64_TO_32_BIT_CONVERSION = YES;
				GCC_WARN_ABOUT_RETURN_TYPE = YES_ERROR;
				GCC_WARN_UNDECLARED_SELECTOR = YES;
				GCC_WARN_UNINITIALIZED_AUTOS = YES_AGGRESSIVE;
				GCC_WARN_UNUSED_FUNCTION = YES;
				GCC_WARN_UNUSED_VARIABLE = YES;
				IPHONEOS_DEPLOYMENT_TARGET = 12.4;
				MTL_ENABLE_DEBUG_INFO = INCLUDE_SOURCE;
				MTL_FAST_MATH = YES;
				ONLY_ACTIVE_ARCH = YES;
				SDKROOT = iphoneos;
				SWIFT_ACTIVE_COMPILATION_CONDITIONS = DEBUG;
				SWIFT_OPTIMIZATION_LEVEL = "-Onone";
			};
			name = Debug;
		};
		1EA39AB4232CBBF900E85141 /* Release */ = {
			isa = XCBuildConfiguration;
			buildSettings = {
				ALWAYS_SEARCH_USER_PATHS = NO;
				CLANG_ANALYZER_NONNULL = YES;
				CLANG_ANALYZER_NUMBER_OBJECT_CONVERSION = YES_AGGRESSIVE;
				CLANG_CXX_LANGUAGE_STANDARD = "gnu++14";
				CLANG_CXX_LIBRARY = "libc++";
				CLANG_ENABLE_MODULES = YES;
				CLANG_ENABLE_OBJC_ARC = YES;
				CLANG_ENABLE_OBJC_WEAK = YES;
				CLANG_WARN_BLOCK_CAPTURE_AUTORELEASING = YES;
				CLANG_WARN_BOOL_CONVERSION = YES;
				CLANG_WARN_COMMA = YES;
				CLANG_WARN_CONSTANT_CONVERSION = YES;
				CLANG_WARN_DEPRECATED_OBJC_IMPLEMENTATIONS = YES;
				CLANG_WARN_DIRECT_OBJC_ISA_USAGE = YES_ERROR;
				CLANG_WARN_DOCUMENTATION_COMMENTS = YES;
				CLANG_WARN_EMPTY_BODY = YES;
				CLANG_WARN_ENUM_CONVERSION = YES;
				CLANG_WARN_INFINITE_RECURSION = YES;
				CLANG_WARN_INT_CONVERSION = YES;
				CLANG_WARN_NON_LITERAL_NULL_CONVERSION = YES;
				CLANG_WARN_OBJC_IMPLICIT_RETAIN_SELF = YES;
				CLANG_WARN_OBJC_LITERAL_CONVERSION = YES;
				CLANG_WARN_OBJC_ROOT_CLASS = YES_ERROR;
				CLANG_WARN_RANGE_LOOP_ANALYSIS = YES;
				CLANG_WARN_STRICT_PROTOTYPES = YES;
				CLANG_WARN_SUSPICIOUS_MOVE = YES;
				CLANG_WARN_UNGUARDED_AVAILABILITY = YES_AGGRESSIVE;
				CLANG_WARN_UNREACHABLE_CODE = YES;
				CLANG_WARN__DUPLICATE_METHOD_MATCH = YES;
				CODE_SIGN_IDENTITY = "iPhone Developer";
				COPY_PHASE_STRIP = NO;
				DEBUG_INFORMATION_FORMAT = "dwarf-with-dsym";
				ENABLE_NS_ASSERTIONS = NO;
				ENABLE_STRICT_OBJC_MSGSEND = YES;
				GCC_C_LANGUAGE_STANDARD = gnu11;
				GCC_NO_COMMON_BLOCKS = YES;
				GCC_WARN_64_TO_32_BIT_CONVERSION = YES;
				GCC_WARN_ABOUT_RETURN_TYPE = YES_ERROR;
				GCC_WARN_UNDECLARED_SELECTOR = YES;
				GCC_WARN_UNINITIALIZED_AUTOS = YES_AGGRESSIVE;
				GCC_WARN_UNUSED_FUNCTION = YES;
				GCC_WARN_UNUSED_VARIABLE = YES;
				IPHONEOS_DEPLOYMENT_TARGET = 12.4;
				MTL_ENABLE_DEBUG_INFO = NO;
				MTL_FAST_MATH = YES;
				SDKROOT = iphoneos;
				SWIFT_COMPILATION_MODE = wholemodule;
				SWIFT_OPTIMIZATION_LEVEL = "-O";
				VALIDATE_PRODUCT = YES;
			};
			name = Release;
		};
		1EA39AB6232CBBF900E85141 /* Debug */ = {
			isa = XCBuildConfiguration;
			baseConfigurationReference = E43771C3BE9BEA81CC2110AC /* Pods-Todoey.debug.xcconfig */;
			buildSettings = {
				ASSETCATALOG_COMPILER_APPICON_NAME = AppIcon;
				CODE_SIGN_STYLE = Automatic;
				DEVELOPMENT_TEAM = G8HAD5575Z;
				INFOPLIST_FILE = Todoey/Info.plist;
				LD_RUNPATH_SEARCH_PATHS = (
					"$(inherited)",
					"@executable_path/Frameworks",
				);
				PRODUCT_BUNDLE_IDENTIFIER = com.jasonchin.Todoey;
				PRODUCT_NAME = "$(TARGET_NAME)";
				SWIFT_VERSION = 5.0;
				TARGETED_DEVICE_FAMILY = "1,2";
			};
			name = Debug;
		};
		1EA39AB7232CBBF900E85141 /* Release */ = {
			isa = XCBuildConfiguration;
			baseConfigurationReference = 9FD3D0D3FE50F765329F3B2B /* Pods-Todoey.release.xcconfig */;
			buildSettings = {
				ASSETCATALOG_COMPILER_APPICON_NAME = AppIcon;
				CODE_SIGN_STYLE = Automatic;
				DEVELOPMENT_TEAM = G8HAD5575Z;
				INFOPLIST_FILE = Todoey/Info.plist;
				LD_RUNPATH_SEARCH_PATHS = (
					"$(inherited)",
					"@executable_path/Frameworks",
				);
				PRODUCT_BUNDLE_IDENTIFIER = com.jasonchin.Todoey;
				PRODUCT_NAME = "$(TARGET_NAME)";
				SWIFT_VERSION = 5.0;
				TARGETED_DEVICE_FAMILY = "1,2";
			};
			name = Release;
		};
/* End XCBuildConfiguration section */

/* Begin XCConfigurationList section */
		1EA39A9E232CBBF600E85141 /* Build configuration list for PBXProject "Todoey" */ = {
			isa = XCConfigurationList;
			buildConfigurations = (
				1EA39AB3232CBBF900E85141 /* Debug */,
				1EA39AB4232CBBF900E85141 /* Release */,
			);
			defaultConfigurationIsVisible = 0;
			defaultConfigurationName = Release;
		};
		1EA39AB5232CBBF900E85141 /* Build configuration list for PBXNativeTarget "Todoey" */ = {
			isa = XCConfigurationList;
			buildConfigurations = (
				1EA39AB6232CBBF900E85141 /* Debug */,
				1EA39AB7232CBBF900E85141 /* Release */,
			);
			defaultConfigurationIsVisible = 0;
			defaultConfigurationName = Release;
		};
/* End XCConfigurationList section */

/* Begin XCVersionGroup section */
		1E307B3B233794700001AA3B /* DataModel.xcdatamodeld */ = {
			isa = XCVersionGroup;
			children = (
				1E307B3C233794700001AA3B /* DataModel.xcdatamodel */,
			);
			currentVersion = 1E307B3C233794700001AA3B /* DataModel.xcdatamodel */;
			path = DataModel.xcdatamodeld;
			sourceTree = "<group>";
			versionGroupType = wrapper.xcdatamodel;
		};
/* End XCVersionGroup section */
	};
	rootObject = 1EA39A9B232CBBF600E85141 /* Project object */;
}
